
Microsoft Visual Studio Solution File, Format Version 12.00
# Visual Studio 15
VisualStudioVersion = 15.0.28307.1082
MinimumVisualStudioVersion = 10.0.40219.1
Project("{FAE04EC0-301F-11D3-BF4B-00C04F79EFBC}") = "FeOverlay", "FeLoader\FeOverlay.csproj", "{98A381E5-BB84-4CD3-B60B-7DFE19C93DB5}"
EndProject
Global
	GlobalSection(SolutionConfigurationPlatforms) = preSolution
		Debug|Any CPU = Debug|Any CPU
		Release|Any CPU = Release|Any CPU
	EndGlobalSection
	GlobalSection(ProjectConfigurationPlatforms) = postSolution
		{98A381E5-BB84-4CD3-B60B-7DFE19C93DB5}.Debug|Any CPU.ActiveCfg = Debug|Any CPU
		{98A381E5-BB84-4CD3-B60B-7DFE19C93DB5}.Debug|Any CPU.Build.0 = Debug|Any CPU
		{98A381E5-BB84-4CD3-B60B-7DFE19C93DB5}.Release|Any CPU.ActiveCfg = Release|Any CPU
		{98A381E5-BB84-4CD3-B60B-7DFE19C93DB5}.Release|Any CPU.Build.0 = Release|Any CPU
	EndGlobalSection
	GlobalSection(SolutionProperties) = preSolution
		HideSolutionNode = FALSE
	EndGlobalSection
	GlobalSection(ExtensibilityGlobals) = postSolution
		SolutionGuid = {46C76B13-A827-4D76-B31F-A90C40A42030}
	EndGlobalSection
EndGlobal
